
Microsoft Visual Studio Solution File, Format Version 12.00
# Visual Studio Version 16
VisualStudioVersion = 16.0.29020.237
MinimumVisualStudioVersion = 10.0.40219.1
Project("{FAE04EC0-301F-11D3-BF4B-00C04F79EFBC}") = "jobems1", "jobems1\jobems1.csproj", "{9305C772-917B-431E-A370-25501997499E}"
EndProject
Global
	GlobalSection(SolutionConfigurationPlatforms) = preSolution
		Debug|Any CPU = Debug|Any CPU
		Release|Any CPU = Release|Any CPU
	EndGlobalSection
	GlobalSection(ProjectConfigurationPlatforms) = postSolution
		{9305C772-917B-431E-A370-25501997499E}.Debug|Any CPU.ActiveCfg = Debug|Any CPU
		{9305C772-917B-431E-A370-25501997499E}.Debug|Any CPU.Build.0 = Debug|Any CPU
		{9305C772-917B-431E-A370-25501997499E}.Release|Any CPU.ActiveCfg = Release|Any CPU
		{9305C772-917B-431E-A370-25501997499E}.Release|Any CPU.Build.0 = Release|Any CPU
	EndGlobalSection
	GlobalSection(SolutionProperties) = preSolution
		HideSolutionNode = FALSE
	EndGlobalSection
	GlobalSection(ExtensibilityGlobals) = postSolution
		SolutionGuid = {80857ED5-028C-42EE-86A0-784BCB279F31}
	EndGlobalSection
EndGlobal
